
Microsoft Visual Studio Solution File, Format Version 12.00
# Visual Studio Version 17
VisualStudioVersion = 17.0.31423.177
MinimumVisualStudioVersion = 10.0.40219.1
Project("{9A19103F-16F7-4668-BE54-9A1E7A4F7556}") = "Arduino_Spotlight_Server", "Arduino_Spotlight_Server\Arduino_Spotlight_Server.csproj", "{30F426F6-D47A-4653-9AC7-05469DF8F1BA}"
EndProject
Global
	GlobalSection(SolutionConfigurationPlatforms) = preSolution
		Debug|Any CPU = Debug|Any CPU
		Release|Any CPU = Release|Any CPU
	EndGlobalSection
	GlobalSection(ProjectConfigurationPlatforms) = postSolution
		{30F426F6-D47A-4653-9AC7-05469DF8F1BA}.Debug|Any CPU.ActiveCfg = Debug|Any CPU
		{30F426F6-D47A-4653-9AC7-05469DF8F1BA}.Debug|Any CPU.Build.0 = Debug|Any CPU
		{30F426F6-D47A-4653-9AC7-05469DF8F1BA}.Release|Any CPU.ActiveCfg = Release|Any CPU
		{30F426F6-D47A-4653-9AC7-05469DF8F1BA}.Release|Any CPU.Build.0 = Release|Any CPU
	EndGlobalSection
	GlobalSection(SolutionProperties) = preSolution
		HideSolutionNode = FALSE
	EndGlobalSection
	GlobalSection(ExtensibilityGlobals) = postSolution
		SolutionGuid = {539A215A-0D3C-4F55-8499-C6911025AE58}
	EndGlobalSection
EndGlobal
